
Microsoft Visual Studio Solution File, Format Version 12.00
# Visual Studio Version 17
VisualStudioVersion = 17.14.36202.13 d17.14
MinimumVisualStudioVersion = 10.0.40219.1
Project("{FAE04EC0-301F-11D3-BF4B-00C04F79EFBC}") = "09", "09\09.csproj", "{0394AFE0-B7D8-43AA-A472-DE88D5B54C2F}"
EndProject
Global
	GlobalSection(SolutionConfigurationPlatforms) = preSolution
		Debug|Any CPU = Debug|Any CPU
		Release|Any CPU = Release|Any CPU
	EndGlobalSection
	GlobalSection(ProjectConfigurationPlatforms) = postSolution
		{0394AFE0-B7D8-43AA-A472-DE88D5B54C2F}.Debug|Any CPU.ActiveCfg = Debug|Any CPU
		{0394AFE0-B7D8-43AA-A472-DE88D5B54C2F}.Debug|Any CPU.Build.0 = Debug|Any CPU
		{0394AFE0-B7D8-43AA-A472-DE88D5B54C2F}.Release|Any CPU.ActiveCfg = Release|Any CPU
		{0394AFE0-B7D8-43AA-A472-DE88D5B54C2F}.Release|Any CPU.Build.0 = Release|Any CPU
	EndGlobalSection
	GlobalSection(SolutionProperties) = preSolution
		HideSolutionNode = FALSE
	EndGlobalSection
	GlobalSection(ExtensibilityGlobals) = postSolution
		SolutionGuid = {B02D2D7B-81FD-4572-9069-64DBB4A3FE9A}
	EndGlobalSection
EndGlobal
